
Microsoft Visual Studio Solution File, Format Version 12.00
# Visual Studio Version 17
VisualStudioVersion = 17.6.33801.468
MinimumVisualStudioVersion = 10.0.40219.1
Project("{9A19103F-16F7-4668-BE54-9A1E7A4F7556}") = "OGA.TCP.Lib_NET452", "OGA.TCP.Lib_NET452\OGA.TCP.Lib_NET452.csproj", "{472FAE9E-6BDC-4A43-8E1D-256B4F339779}"
EndProject
Project("{9A19103F-16F7-4668-BE54-9A1E7A4F7556}") = "OGA.TCP.Lib_NET48", "OGA.TCP.Lib_NET48\OGA.TCP.Lib_NET48.csproj", "{3DCFC488-7CFF-4069-B7EE-5695DC08DF83}"
EndProject
Project("{9A19103F-16F7-4668-BE54-9A1E7A4F7556}") = "OGA.TCP.Lib_NET5", "OGA.TCP.Lib_NET5\OGA.TCP.Lib_NET5.csproj", "{137140BD-BC74-4713-BA01-D062FE4674B2}"
EndProject
Project("{9A19103F-16F7-4668-BE54-9A1E7A4F7556}") = "OGA.TCP.Lib_NET6", "OGA.TCP.Lib_NET6\OGA.TCP.Lib_NET6.csproj", "{0BF6E0D0-9DDA-4D82-8212-632F2E238920}"
EndProject
Project("{9A19103F-16F7-4668-BE54-9A1E7A4F7556}") = "OGA.TCP.Lib_NET7", "OGA.TCP.Lib_NET7\OGA.TCP.Lib_NET7.csproj", "{9B3AF5CE-A6B8-47E0-BAD3-E5B76D753EC0}"
EndProject
Project("{D954291E-2A0B-460D-934E-DC6B0785DB48}") = "OGA.TCP.Lib_SP", "OGA.TCP.Lib_SP\OGA.TCP.Lib_SP.shproj", "{DAA57C64-B267-42E5-BB7E-2666CEFC4D15}"
EndProject
Project("{2150E333-8FDC-42A3-9474-1A3956D46DE8}") = "Client", "Client", "{F8E1D4BA-8A3A-4201-98EB-74420708C375}"
EndProject
Project("{9A19103F-16F7-4668-BE54-9A1E7A4F7556}") = "scratchdev", "scratchdev\scratchdev.csproj", "{BC9BADBE-11CF-4D9F-AE37-2A4855E6C6D3}"
EndProject
Project("{2150E333-8FDC-42A3-9474-1A3956D46DE8}") = "ClientTesting", "ClientTesting", "{82FAE9BE-86B9-4438-A1B4-3646F8C37AEB}"
EndProject
Project("{2150E333-8FDC-42A3-9474-1A3956D46DE8}") = "Dev", "Dev", "{FEB615CA-DCD0-4CD6-862C-9800F36544B9}"
EndProject
Project("{9A19103F-16F7-4668-BE54-9A1E7A4F7556}") = "OGA.TCP.Lib_NET5_Test", "OGA.TCP.Lib_NET5_Test\OGA.TCP.Lib_NET5_Test.csproj", "{2B55EC03-C734-4D09-A8A0-336308161DC8}"
EndProject
Project("{9A19103F-16F7-4668-BE54-9A1E7A4F7556}") = "OGA.TCP.Lib_NET6_Test", "OGA.TCP.Lib_NET6_Test\OGA.TCP.Lib_NET6_Test.csproj", "{5FBEBB0F-F384-4F29-B9EF-46B0C60F061A}"
EndProject
Project("{9A19103F-16F7-4668-BE54-9A1E7A4F7556}") = "OGA.TCP.Lib_NET7_Test", "OGA.TCP.Lib_NET7_Test\OGA.TCP.Lib_NET7_Test.csproj", "{68F938B8-BF2C-4E67-98B0-6965E4350C2F}"
EndProject
Project("{9A19103F-16F7-4668-BE54-9A1E7A4F7556}") = "OGA.TCP.Lib_NET48_Test", "OGA.TCP.Lib_NET48_Test\OGA.TCP.Lib_NET48_Test.csproj", "{5D5F93E1-B726-4F5E-B11E-1E8966F2D977}"
EndProject
Project("{9A19103F-16F7-4668-BE54-9A1E7A4F7556}") = "OGA.TCP.Lib_NET452_Test", "OGA.TCP.Lib_NET452_Test\OGA.TCP.Lib_NET452_Test.csproj", "{F21E8D5F-3661-46C1-A7F2-9B0DB92EFFBB}"
EndProject
Project("{D954291E-2A0B-460D-934E-DC6B0785DB48}") = "OGA.TCP_Test_SP", "OGA.TCP_Test_SP\OGA.TCP_Test_SP.shproj", "{70C7079C-EC08-4682-B133-DDF6178F928B}"
EndProject
Project("{9A19103F-16F7-4668-BE54-9A1E7A4F7556}") = "OGA.TCP.Server.Lib", "OGA.TCP.Server.Lib\OGA.TCP.Server.Lib.csproj", "{E4E5B5E5-36BD-42E4-AD87-B04021872DA9}"
EndProject
Project("{2150E333-8FDC-42A3-9474-1A3956D46DE8}") = "Server", "Server", "{1A52B997-33B0-4E2A-9B7C-76438F840002}"
EndProject
Project("{2150E333-8FDC-42A3-9474-1A3956D46DE8}") = "ClientSeverShared", "ClientSeverShared", "{C093C5C8-5457-48A2-8165-26B1392F615D}"
EndProject
Project("{D954291E-2A0B-460D-934E-DC6B0785DB48}") = "OGA.TCP.ClientServerShared_SP", "OGA.TCP.ClientServerShared_SP\OGA.TCP.ClientServerShared_SP.shproj", "{02C5E3B6-EA28-42CA-BF80-23BDA6D00B96}"
EndProject
Project("{9A19103F-16F7-4668-BE54-9A1E7A4F7556}") = "OGA.TCP.Lib_NETStd21", "OGA.TCP.Lib_NETStd21\OGA.TCP.Lib_NETStd21.csproj", "{6B9AD33F-E2FF-48EF-BE15-4D2B4FF064EE}"
EndProject
Project("{9A19103F-16F7-4668-BE54-9A1E7A4F7556}") = "OGA.TCP.Lib_NETStd21_Test", "OGA.TCP.Lib_NETStd21_Test\OGA.TCP.Lib_NETStd21_Test.csproj", "{7FFF1334-E354-4803-A1D1-89F3BE93798F}"
EndProject
Project("{FAE04EC0-301F-11D3-BF4B-00C04F79EFBC}") = "OGA.TCP.Server.Lib_Tests", "OGA.TCP.Server.Lib_Tests\OGA.TCP.Server.Lib_Tests.csproj", "{D4440665-4346-4B04-A768-F93EC41CEE9B}"
EndProject
Global
	GlobalSection(SolutionConfigurationPlatforms) = preSolution
		Debug|Any CPU = Debug|Any CPU
		Release|Any CPU = Release|Any CPU
	EndGlobalSection
	GlobalSection(ProjectConfigurationPlatforms) = postSolution
		{472FAE9E-6BDC-4A43-8E1D-256B4F339779}.Debug|Any CPU.ActiveCfg = Debug|Any CPU
		{472FAE9E-6BDC-4A43-8E1D-256B4F339779}.Debug|Any CPU.Build.0 = Debug|Any CPU
		{472FAE9E-6BDC-4A43-8E1D-256B4F339779}.Release|Any CPU.ActiveCfg = Release|Any CPU
		{472FAE9E-6BDC-4A43-8E1D-256B4F339779}.Release|Any CPU.Build.0 = Release|Any CPU
		{3DCFC488-7CFF-4069-B7EE-5695DC08DF83}.Debug|Any CPU.ActiveCfg = Debug|Any CPU
		{3DCFC488-7CFF-4069-B7EE-5695DC08DF83}.Debug|Any CPU.Build.0 = Debug|Any CPU
		{3DCFC488-7CFF-4069-B7EE-5695DC08DF83}.Release|Any CPU.ActiveCfg = Release|Any CPU
		{3DCFC488-7CFF-4069-B7EE-5695DC08DF83}.Release|Any CPU.Build.0 = Release|Any CPU
		{137140BD-BC74-4713-BA01-D062FE4674B2}.Debug|Any CPU.ActiveCfg = Debug|Any CPU
		{137140BD-BC74-4713-BA01-D062FE4674B2}.Debug|Any CPU.Build.0 = Debug|Any CPU
		{137140BD-BC74-4713-BA01-D062FE4674B2}.Release|Any CPU.ActiveCfg = Release|Any CPU
		{137140BD-BC74-4713-BA01-D062FE4674B2}.Release|Any CPU.Build.0 = Release|Any CPU
		{0BF6E0D0-9DDA-4D82-8212-632F2E238920}.Debug|Any CPU.ActiveCfg = Debug|Any CPU
		{0BF6E0D0-9DDA-4D82-8212-632F2E238920}.Debug|Any CPU.Build.0 = Debug|Any CPU
		{0BF6E0D0-9DDA-4D82-8212-632F2E238920}.Release|Any CPU.ActiveCfg = Release|Any CPU
		{0BF6E0D0-9DDA-4D82-8212-632F2E238920}.Release|Any CPU.Build.0 = Release|Any CPU
		{9B3AF5CE-A6B8-47E0-BAD3-E5B76D753EC0}.Debug|Any CPU.ActiveCfg = Debug|Any CPU
		{9B3AF5CE-A6B8-47E0-BAD3-E5B76D753EC0}.Debug|Any CPU.Build.0 = Debug|Any CPU
		{9B3AF5CE-A6B8-47E0-BAD3-E5B76D753EC0}.Release|Any CPU.ActiveCfg = Release|Any CPU
		{9B3AF5CE-A6B8-47E0-BAD3-E5B76D753EC0}.Release|Any CPU.Build.0 = Release|Any CPU
		{BC9BADBE-11CF-4D9F-AE37-2A4855E6C6D3}.Debug|Any CPU.ActiveCfg = Debug|Any CPU
		{BC9BADBE-11CF-4D9F-AE37-2A4855E6C6D3}.Debug|Any CPU.Build.0 = Debug|Any CPU
		{BC9BADBE-11CF-4D9F-AE37-2A4855E6C6D3}.Release|Any CPU.ActiveCfg = Release|Any CPU
		{BC9BADBE-11CF-4D9F-AE37-2A4855E6C6D3}.Release|Any CPU.Build.0 = Release|Any CPU
		{2B55EC03-C734-4D09-A8A0-336308161DC8}.Debug|Any CPU.ActiveCfg = Debug|Any CPU
		{2B55EC03-C734-4D09-A8A0-336308161DC8}.Debug|Any CPU.Build.0 = Debug|Any CPU
		{2B55EC03-C734-4D09-A8A0-336308161DC8}.Release|Any CPU.ActiveCfg = Release|Any CPU
		{2B55EC03-C734-4D09-A8A0-336308161DC8}.Release|Any CPU.Build.0 = Release|Any CPU
		{5FBEBB0F-F384-4F29-B9EF-46B0C60F061A}.Debug|Any CPU.ActiveCfg = Debug|Any CPU
		{5FBEBB0F-F384-4F29-B9EF-46B0C60F061A}.Debug|Any CPU.Build.0 = Debug|Any CPU
		{5FBEBB0F-F384-4F29-B9EF-46B0C60F061A}.Release|Any CPU.ActiveCfg = Release|Any CPU
		{5FBEBB0F-F384-4F29-B9EF-46B0C60F061A}.Release|Any CPU.Build.0 = Release|Any CPU
		{68F938B8-BF2C-4E67-98B0-6965E4350C2F}.Debug|Any CPU.ActiveCfg = Debug|Any CPU
		{68F938B8-BF2C-4E67-98B0-6965E4350C2F}.Debug|Any CPU.Build.0 = Debug|Any CPU
		{68F938B8-BF2C-4E67-98B0-6965E4350C2F}.Release|Any CPU.ActiveCfg = Release|Any CPU
		{68F938B8-BF2C-4E67-98B0-6965E4350C2F}.Release|Any CPU.Build.0 = Release|Any CPU
		{5D5F93E1-B726-4F5E-B11E-1E8966F2D977}.Debug|Any CPU.ActiveCfg = Debug|Any CPU
		{5D5F93E1-B726-4F5E-B11E-1E8966F2D977}.Debug|Any CPU.Build.0 = Debug|Any CPU
		{5D5F93E1-B726-4F5E-B11E-1E8966F2D977}.Release|Any CPU.ActiveCfg = Release|Any CPU
		{5D5F93E1-B726-4F5E-B11E-1E8966F2D977}.Release|Any CPU.Build.0 = Release|Any CPU
		{F21E8D5F-3661-46C1-A7F2-9B0DB92EFFBB}.Debug|Any CPU.ActiveCfg = Debug|Any CPU
		{F21E8D5F-3661-46C1-A7F2-9B0DB92EFFBB}.Debug|Any CPU.Build.0 = Debug|Any CPU
		{F21E8D5F-3661-46C1-A7F2-9B0DB92EFFBB}.Release|Any CPU.ActiveCfg = Release|Any CPU
		{F21E8D5F-3661-46C1-A7F2-9B0DB92EFFBB}.Release|Any CPU.Build.0 = Release|Any CPU
		{E4E5B5E5-36BD-42E4-AD87-B04021872DA9}.Debug|Any CPU.ActiveCfg = Debug|Any CPU
		{E4E5B5E5-36BD-42E4-AD87-B04021872DA9}.Debug|Any CPU.Build.0 = Debug|Any CPU
		{E4E5B5E5-36BD-42E4-AD87-B04021872DA9}.Release|Any CPU.ActiveCfg = Release|Any CPU
		{E4E5B5E5-36BD-42E4-AD87-B04021872DA9}.Release|Any CPU.Build.0 = Release|Any CPU
		{6B9AD33F-E2FF-48EF-BE15-4D2B4FF064EE}.Debug|Any CPU.ActiveCfg = Debug|Any CPU
		{6B9AD33F-E2FF-48EF-BE15-4D2B4FF064EE}.Debug|Any CPU.Build.0 = Debug|Any CPU
		{6B9AD33F-E2FF-48EF-BE15-4D2B4FF064EE}.Release|Any CPU.ActiveCfg = Release|Any CPU
		{6B9AD33F-E2FF-48EF-BE15-4D2B4FF064EE}.Release|Any CPU.Build.0 = Release|Any CPU
		{7FFF1334-E354-4803-A1D1-89F3BE93798F}.Debug|Any CPU.ActiveCfg = Debug|Any CPU
		{7FFF1334-E354-4803-A1D1-89F3BE93798F}.Debug|Any CPU.Build.0 = Debug|Any CPU
		{7FFF1334-E354-4803-A1D1-89F3BE93798F}.Release|Any CPU.ActiveCfg = Release|Any CPU
		{7FFF1334-E354-4803-A1D1-89F3BE93798F}.Release|Any CPU.Build.0 = Release|Any CPU
		{D4440665-4346-4B04-A768-F93EC41CEE9B}.Debug|Any CPU.ActiveCfg = Debug|Any CPU
		{D4440665-4346-4B04-A768-F93EC41CEE9B}.Debug|Any CPU.Build.0 = Debug|Any CPU
		{D4440665-4346-4B04-A768-F93EC41CEE9B}.Release|Any CPU.ActiveCfg = Release|Any CPU
		{D4440665-4346-4B04-A768-F93EC41CEE9B}.Release|Any CPU.Build.0 = Release|Any CPU
	EndGlobalSection
	GlobalSection(SolutionProperties) = preSolution
		HideSolutionNode = FALSE
	EndGlobalSection
	GlobalSection(NestedProjects) = preSolution
		{472FAE9E-6BDC-4A43-8E1D-256B4F339779} = {F8E1D4BA-8A3A-4201-98EB-74420708C375}
		{3DCFC488-7CFF-4069-B7EE-5695DC08DF83} = {F8E1D4BA-8A3A-4201-98EB-74420708C375}
		{137140BD-BC74-4713-BA01-D062FE4674B2} = {F8E1D4BA-8A3A-4201-98EB-74420708C375}
		{0BF6E0D0-9DDA-4D82-8212-632F2E238920} = {F8E1D4BA-8A3A-4201-98EB-74420708C375}
		{9B3AF5CE-A6B8-47E0-BAD3-E5B76D753EC0} = {F8E1D4BA-8A3A-4201-98EB-74420708C375}
		{DAA57C64-B267-42E5-BB7E-2666CEFC4D15} = {F8E1D4BA-8A3A-4201-98EB-74420708C375}
		{BC9BADBE-11CF-4D9F-AE37-2A4855E6C6D3} = {FEB615CA-DCD0-4CD6-862C-9800F36544B9}
		{2B55EC03-C734-4D09-A8A0-336308161DC8} = {82FAE9BE-86B9-4438-A1B4-3646F8C37AEB}
		{5FBEBB0F-F384-4F29-B9EF-46B0C60F061A} = {82FAE9BE-86B9-4438-A1B4-3646F8C37AEB}
		{68F938B8-BF2C-4E67-98B0-6965E4350C2F} = {82FAE9BE-86B9-4438-A1B4-3646F8C37AEB}
		{5D5F93E1-B726-4F5E-B11E-1E8966F2D977} = {82FAE9BE-86B9-4438-A1B4-3646F8C37AEB}
		{F21E8D5F-3661-46C1-A7F2-9B0DB92EFFBB} = {82FAE9BE-86B9-4438-A1B4-3646F8C37AEB}
		{70C7079C-EC08-4682-B133-DDF6178F928B} = {82FAE9BE-86B9-4438-A1B4-3646F8C37AEB}
		{E4E5B5E5-36BD-42E4-AD87-B04021872DA9} = {1A52B997-33B0-4E2A-9B7C-76438F840002}
		{02C5E3B6-EA28-42CA-BF80-23BDA6D00B96} = {C093C5C8-5457-48A2-8165-26B1392F615D}
		{6B9AD33F-E2FF-48EF-BE15-4D2B4FF064EE} = {F8E1D4BA-8A3A-4201-98EB-74420708C375}
		{7FFF1334-E354-4803-A1D1-89F3BE93798F} = {82FAE9BE-86B9-4438-A1B4-3646F8C37AEB}
		{D4440665-4346-4B04-A768-F93EC41CEE9B} = {1A52B997-33B0-4E2A-9B7C-76438F840002}
	EndGlobalSection
	GlobalSection(ExtensibilityGlobals) = postSolution
		SolutionGuid = {964346CD-2B0A-418A-9CFB-A4857E6A4F07}
	EndGlobalSection
	GlobalSection(SharedMSBuildProjectFiles) = preSolution
		OGA.TCP.ClientServerShared_SP\OGA.TCP.ClientServerShared_SP.projitems*{02c5e3b6-ea28-42ca-bf80-23bda6d00b96}*SharedItemsImports = 13
		OGA.TCP.ClientServerShared_SP\OGA.TCP.ClientServerShared_SP.projitems*{0bf6e0d0-9dda-4d82-8212-632f2e238920}*SharedItemsImports = 5
		OGA.TCP.Lib_SP\OGA.TCP.Lib_SP.projitems*{0bf6e0d0-9dda-4d82-8212-632f2e238920}*SharedItemsImports = 5
		OGA.TCP.ClientServerShared_SP\OGA.TCP.ClientServerShared_SP.projitems*{137140bd-bc74-4713-ba01-d062fe4674b2}*SharedItemsImports = 5
		OGA.TCP.Lib_SP\OGA.TCP.Lib_SP.projitems*{137140bd-bc74-4713-ba01-d062fe4674b2}*SharedItemsImports = 5
		OGA.TCP_Test_SP\OGA.TCP_Test_SP.projitems*{2b55ec03-c734-4d09-a8a0-336308161dc8}*SharedItemsImports = 5
		OGA.TCP.ClientServerShared_SP\OGA.TCP.ClientServerShared_SP.projitems*{3dcfc488-7cff-4069-b7ee-5695dc08df83}*SharedItemsImports = 5
		OGA.TCP.Lib_SP\OGA.TCP.Lib_SP.projitems*{3dcfc488-7cff-4069-b7ee-5695dc08df83}*SharedItemsImports = 5
		OGA.TCP.ClientServerShared_SP\OGA.TCP.ClientServerShared_SP.projitems*{472fae9e-6bdc-4a43-8e1d-256b4f339779}*SharedItemsImports = 5
		OGA.TCP.Lib_SP\OGA.TCP.Lib_SP.projitems*{472fae9e-6bdc-4a43-8e1d-256b4f339779}*SharedItemsImports = 5
		OGA.TCP_Test_SP\OGA.TCP_Test_SP.projitems*{5d5f93e1-b726-4f5e-b11e-1e8966f2d977}*SharedItemsImports = 5
		OGA.TCP_Test_SP\OGA.TCP_Test_SP.projitems*{5fbebb0f-f384-4f29-b9ef-46b0c60f061a}*SharedItemsImports = 5
		OGA.TCP_Test_SP\OGA.TCP_Test_SP.projitems*{68f938b8-bf2c-4e67-98b0-6965e4350c2f}*SharedItemsImports = 5
		OGA.TCP.ClientServerShared_SP\OGA.TCP.ClientServerShared_SP.projitems*{6b9ad33f-e2ff-48ef-be15-4d2b4ff064ee}*SharedItemsImports = 5
		OGA.TCP.Lib_SP\OGA.TCP.Lib_SP.projitems*{6b9ad33f-e2ff-48ef-be15-4d2b4ff064ee}*SharedItemsImports = 5
		OGA.TCP_Test_SP\OGA.TCP_Test_SP.projitems*{70c7079c-ec08-4682-b133-ddf6178f928b}*SharedItemsImports = 13
		OGA.TCP_Test_SP\OGA.TCP_Test_SP.projitems*{7fff1334-e354-4803-a1d1-89f3be93798f}*SharedItemsImports = 5
		OGA.TCP.ClientServerShared_SP\OGA.TCP.ClientServerShared_SP.projitems*{9b3af5ce-a6b8-47e0-bad3-e5b76d753ec0}*SharedItemsImports = 5
		OGA.TCP.Lib_SP\OGA.TCP.Lib_SP.projitems*{9b3af5ce-a6b8-47e0-bad3-e5b76d753ec0}*SharedItemsImports = 5
		OGA.TCP.Lib_SP\OGA.TCP.Lib_SP.projitems*{daa57c64-b267-42e5-bb7e-2666cefc4d15}*SharedItemsImports = 13
		OGA.TCP.ClientServerShared_SP\OGA.TCP.ClientServerShared_SP.projitems*{e4e5b5e5-36bd-42e4-ad87-b04021872da9}*SharedItemsImports = 5
		OGA.TCP_Test_SP\OGA.TCP_Test_SP.projitems*{f21e8d5f-3661-46c1-a7f2-9b0db92effbb}*SharedItemsImports = 5
	EndGlobalSection
EndGlobal
